
Microsoft Visual Studio Solution File, Format Version 12.00
# Visual Studio Version 17
VisualStudioVersion = 17.4.33213.308
MinimumVisualStudioVersion = 10.0.40219.1
Project("{FAE04EC0-301F-11D3-BF4B-00C04F79EFBC}") = "QLNS_TruongTH", "QLNS_TruongTH.csproj", "{3374E9B9-A8DE-4ADB-9553-17D894BFBB3A}"
EndProject
Project("{FAE04EC0-301F-11D3-BF4B-00C04F79EFBC}") = "QLNS_TruongTH.Tests", "..\Bigschool_TH_11.Tests\QLNS_TruongTH.Tests.csproj", "{D718502A-0D10-4F41-B9B9-B0F841948C43}"
EndProject
Global
	GlobalSection(SolutionConfigurationPlatforms) = preSolution
		Debug|Any CPU = Debug|Any CPU
		Release|Any CPU = Release|Any CPU
	EndGlobalSection
	GlobalSection(ProjectConfigurationPlatforms) = postSolution
		{3374E9B9-A8DE-4ADB-9553-17D894BFBB3A}.Debug|Any CPU.ActiveCfg = Debug|Any CPU
		{3374E9B9-A8DE-4ADB-9553-17D894BFBB3A}.Debug|Any CPU.Build.0 = Debug|Any CPU
		{3374E9B9-A8DE-4ADB-9553-17D894BFBB3A}.Release|Any CPU.ActiveCfg = Release|Any CPU
		{3374E9B9-A8DE-4ADB-9553-17D894BFBB3A}.Release|Any CPU.Build.0 = Release|Any CPU
		{D718502A-0D10-4F41-B9B9-B0F841948C43}.Debug|Any CPU.ActiveCfg = Debug|Any CPU
		{D718502A-0D10-4F41-B9B9-B0F841948C43}.Debug|Any CPU.Build.0 = Debug|Any CPU
		{D718502A-0D10-4F41-B9B9-B0F841948C43}.Release|Any CPU.ActiveCfg = Release|Any CPU
		{D718502A-0D10-4F41-B9B9-B0F841948C43}.Release|Any CPU.Build.0 = Release|Any CPU
	EndGlobalSection
	GlobalSection(SolutionProperties) = preSolution
		HideSolutionNode = FALSE
	EndGlobalSection
	GlobalSection(ExtensibilityGlobals) = postSolution
		SolutionGuid = {59C6A121-2C8F-4964-9FE8-70D0F6E0ED4F}
	EndGlobalSection
EndGlobal
